
Microsoft Visual Studio Solution File, Format Version 12.00
# Visual Studio 15
VisualStudioVersion = 15.0.26430.12
MinimumVisualStudioVersion = 10.0.40219.1
Project("{FAE04EC0-301F-11D3-BF4B-00C04F79EFBC}") = "Calculator.Services", "Calculator.Services\Calculator.Services.csproj", "{DF475192-98B8-446D-A856-1C399F88FF79}"
EndProject
Project("{FAE04EC0-301F-11D3-BF4B-00C04F79EFBC}") = "Calculator.Data.Repository", "Calculator.Data.Repository\Calculator.Data.Repository.csproj", "{E8E4D3E8-A10C-4778-97F7-81BFCC6D9A7C}"
EndProject
Project("{FAE04EC0-301F-11D3-BF4B-00C04F79EFBC}") = "AuthenticateUser", "AuthenticateUser\AuthenticateUser.csproj", "{4306F3E2-4437-4696-81FD-F0A69479493C}"
EndProject
Project("{2150E333-8FDC-42A3-9474-1A3956D46DE8}") = "Test", "Test", "{A59E2B7F-5F85-4539-8E25-D6E598B4CAB6}"
EndProject
Project("{FAE04EC0-301F-11D3-BF4B-00C04F79EFBC}") = "AuthenticateUser.Test", "AuthenticateUser.Test\AuthenticateUser.Test.csproj", "{C170A2CA-5C11-491F-AD34-F0CE508F4B48}"
EndProject
Global
	GlobalSection(SolutionConfigurationPlatforms) = preSolution
		Debug|Any CPU = Debug|Any CPU
		Release|Any CPU = Release|Any CPU
	EndGlobalSection
	GlobalSection(ProjectConfigurationPlatforms) = postSolution
		{DF475192-98B8-446D-A856-1C399F88FF79}.Debug|Any CPU.ActiveCfg = Debug|Any CPU
		{DF475192-98B8-446D-A856-1C399F88FF79}.Debug|Any CPU.Build.0 = Debug|Any CPU
		{DF475192-98B8-446D-A856-1C399F88FF79}.Release|Any CPU.ActiveCfg = Release|Any CPU
		{DF475192-98B8-446D-A856-1C399F88FF79}.Release|Any CPU.Build.0 = Release|Any CPU
		{E8E4D3E8-A10C-4778-97F7-81BFCC6D9A7C}.Debug|Any CPU.ActiveCfg = Debug|Any CPU
		{E8E4D3E8-A10C-4778-97F7-81BFCC6D9A7C}.Debug|Any CPU.Build.0 = Debug|Any CPU
		{E8E4D3E8-A10C-4778-97F7-81BFCC6D9A7C}.Release|Any CPU.ActiveCfg = Release|Any CPU
		{E8E4D3E8-A10C-4778-97F7-81BFCC6D9A7C}.Release|Any CPU.Build.0 = Release|Any CPU
		{4306F3E2-4437-4696-81FD-F0A69479493C}.Debug|Any CPU.ActiveCfg = Debug|Any CPU
		{4306F3E2-4437-4696-81FD-F0A69479493C}.Debug|Any CPU.Build.0 = Debug|Any CPU
		{4306F3E2-4437-4696-81FD-F0A69479493C}.Release|Any CPU.ActiveCfg = Release|Any CPU
		{4306F3E2-4437-4696-81FD-F0A69479493C}.Release|Any CPU.Build.0 = Release|Any CPU
		{C170A2CA-5C11-491F-AD34-F0CE508F4B48}.Debug|Any CPU.ActiveCfg = Debug|Any CPU
		{C170A2CA-5C11-491F-AD34-F0CE508F4B48}.Debug|Any CPU.Build.0 = Debug|Any CPU
		{C170A2CA-5C11-491F-AD34-F0CE508F4B48}.Release|Any CPU.ActiveCfg = Release|Any CPU
		{C170A2CA-5C11-491F-AD34-F0CE508F4B48}.Release|Any CPU.Build.0 = Release|Any CPU
	EndGlobalSection
	GlobalSection(SolutionProperties) = preSolution
		HideSolutionNode = FALSE
	EndGlobalSection
	GlobalSection(NestedProjects) = preSolution
		{C170A2CA-5C11-491F-AD34-F0CE508F4B48} = {A59E2B7F-5F85-4539-8E25-D6E598B4CAB6}
	EndGlobalSection
EndGlobal
